<?xml version="1.0" encoding="utf-8"?>
<Project ToolsVersion="4.0" xmlns="http://schemas.microsoft.com/developer/msbuild/2003">
  <ItemGroup>
    <Filter Include="소스 파일">
      <UniqueIdentifier>{4FC737F1-C7A5-4376-A066-2A32D752A2FF}</UniqueIdentifier>
      <Extensions>cpp;c;cc;cxx;c++;cppm;ixx;def;odl;idl;hpj;bat;asm;asmx</Extensions>
    </Filter>
    <Filter Include="헤더 파일">
      <UniqueIdentifier>{93995380-89BD-4b04-88EB-625FBE52EBFB}</UniqueIdentifier>
      <Extensions>h;hh;hpp;hxx;h++;hm;inl;inc;ipp;xsd</Extensions>
    </Filter>
    <Filter Include="리소스 파일">
      <UniqueIdentifier>{67DA6AB6-F800-4c08-8B7A-83BB121AAD01}</UniqueIdentifier>
      <Extensions>rc;ico;cur;bmp;dlg;rc2;rct;bin;rgs;gif;jpg;jpeg;jpe;resx;tiff;tif;png;wav;mfcribbon-ms</Extensions>
    </Filter>
  </ItemGroup>
  <ItemGroup>
    <ClInclude Include="framework.h">
      <Filter>헤더 파일</Filter>
    </ClInclude>
    <ClInclude Include="pch.h">
      <Filter>헤더 파일</Filter>
    </ClInclude>
    <ClInclude Include="ForStart.h">
      <Filter>헤더 파일</Filter>
    </ClInclude>
    <ClInclude Include="Timestamp.h">
      <Filter>헤더 파일</Filter>
    </ClInclude>
    <ClInclude Include="types.h">
      <Filter>헤더 파일</Filter>
    </ClInclude>
    <ClInclude Include="ReferenceCounter.h">
      <Filter>헤더 파일</Filter>
    </ClInclude>
    <ClInclude Include="net.h">
      <Filter>헤더 파일</Filter>
    </ClInclude>
    <ClInclude Include="Conversation.h">
      <Filter>헤더 파일</Filter>
    </ClInclude>
    <ClInclude Include="ConversationFeatures.h">
      <Filter>헤더 파일</Filter>
    </ClInclude>
    <ClInclude Include="FiveTuple.h">
      <Filter>헤더 파일</Filter>
    </ClInclude>
    <ClInclude Include="Packet.h">
      <Filter>헤더 파일</Filter>
    </ClInclude>
    <ClInclude Include="Config.h">
      <Filter>헤더 파일</Filter>
    </ClInclude>
    <ClInclude Include="UdpConversation.h">
      <Filter>헤더 파일</Filter>
    </ClInclude>
    <ClInclude Include="IcmpConversation.h">
      <Filter>헤더 파일</Filter>
    </ClInclude>
    <ClInclude Include="TcpConnection.h">
      <Filter>헤더 파일</Filter>
    </ClInclude>
    <ClInclude Include="ConversationReconstructor.h">
      <Filter>헤더 파일</Filter>
    </ClInclude>
    <ClInclude Include="IntervalKeeper.h">
      <Filter>헤더 파일</Filter>
    </ClInclude>
    <ClInclude Include="FeatureUpdater.h">
      <Filter>헤더 파일</Filter>
    </ClInclude>
    <ClInclude Include="FeatureUpdaterCount.h">
      <Filter>헤더 파일</Filter>
    </ClInclude>
    <ClInclude Include="FeatureUpdaterTime.h">
      <Filter>헤더 파일</Filter>
    </ClInclude>
    <ClInclude Include="IpDatagram.h">
      <Filter>헤더 파일</Filter>
    </ClInclude>
    <ClInclude Include="IpFragment.h">
      <Filter>헤더 파일</Filter>
    </ClInclude>
    <ClInclude Include="IpReassembler.h">
      <Filter>헤더 파일</Filter>
    </ClInclude>
    <ClInclude Include="IpReassemblyBuffer.h">
      <Filter>헤더 파일</Filter>
    </ClInclude>
    <ClInclude Include="IpReassemblyBufferHoleList.h">
      <Filter>헤더 파일</Filter>
    </ClInclude>
    <ClInclude Include="Sniffer.h">
      <Filter>헤더 파일</Filter>
    </ClInclude>
    <ClInclude Include="StatsCollector.h">
      <Filter>헤더 파일</Filter>
    </ClInclude>
    <ClInclude Include="StatsEngine.h">
      <Filter>헤더 파일</Filter>
    </ClInclude>
    <ClInclude Include="StatsPerHost.h">
      <Filter>헤더 파일</Filter>
    </ClInclude>
    <ClInclude Include="StatsPerService.h">
      <Filter>헤더 파일</Filter>
    </ClInclude>
    <ClInclude Include="StatsPerServiceWithSrcPort.h">
      <Filter>헤더 파일</Filter>
    </ClInclude>
    <ClInclude Include="StatsWindow.h">
      <Filter>헤더 파일</Filter>
    </ClInclude>
    <ClInclude Include="StatsWindowCount.h">
      <Filter>헤더 파일</Filter>
    </ClInclude>
    <ClInclude Include="StatsWindowTime.h">
      <Filter>헤더 파일</Filter>
    </ClInclude>
  </ItemGroup>
  <ItemGroup>
    <ClCompile Include="dllmain.cpp">
      <Filter>소스 파일</Filter>
    </ClCompile>
    <ClCompile Include="pch.cpp">
      <Filter>소스 파일</Filter>
    </ClCompile>
    <ClCompile Include="ForStart.cpp">
      <Filter>소스 파일</Filter>
    </ClCompile>
    <ClCompile Include="Timestamp.cpp">
      <Filter>소스 파일</Filter>
    </ClCompile>
    <ClCompile Include="ReferenceCounter.cpp">
      <Filter>소스 파일</Filter>
    </ClCompile>
    <ClCompile Include="net.cpp">
      <Filter>소스 파일</Filter>
    </ClCompile>
    <ClCompile Include="Conversation.cpp">
      <Filter>소스 파일</Filter>
    </ClCompile>
    <ClCompile Include="ConversationFeatures.cpp">
      <Filter>소스 파일</Filter>
    </ClCompile>
    <ClCompile Include="FiveTuple.cpp">
      <Filter>소스 파일</Filter>
    </ClCompile>
    <ClCompile Include="Packet.cpp">
      <Filter>소스 파일</Filter>
    </ClCompile>
    <ClCompile Include="Config.cpp">
      <Filter>소스 파일</Filter>
    </ClCompile>
    <ClCompile Include="UdpConversation.cpp">
      <Filter>소스 파일</Filter>
    </ClCompile>
    <ClCompile Include="IcmpConversation.cpp">
      <Filter>소스 파일</Filter>
    </ClCompile>
    <ClCompile Include="TcpConnection.cpp">
      <Filter>소스 파일</Filter>
    </ClCompile>
    <ClCompile Include="ConversationReconstructor.cpp">
      <Filter>소스 파일</Filter>
    </ClCompile>
    <ClCompile Include="IntervalKeeper.cpp">
      <Filter>소스 파일</Filter>
    </ClCompile>
    <ClCompile Include="FeatureUpdaterCount.cpp">
      <Filter>소스 파일</Filter>
    </ClCompile>
    <ClCompile Include="FeatureUpdaterTime.cpp">
      <Filter>소스 파일</Filter>
    </ClCompile>
    <ClCompile Include="IpDatagram.cpp">
      <Filter>소스 파일</Filter>
    </ClCompile>
    <ClCompile Include="IpFragment.cpp">
      <Filter>소스 파일</Filter>
    </ClCompile>
    <ClCompile Include="IpReassembler.cpp">
      <Filter>소스 파일</Filter>
    </ClCompile>
    <ClCompile Include="IpReassemblyBuffer.cpp">
      <Filter>소스 파일</Filter>
    </ClCompile>
    <ClCompile Include="IpReassemblyBufferHoleList.cpp">
      <Filter>소스 파일</Filter>
    </ClCompile>
    <ClCompile Include="Sniffer.cpp">
      <Filter>소스 파일</Filter>
    </ClCompile>
    <ClCompile Include="StatsEngine.cpp">
      <Filter>소스 파일</Filter>
    </ClCompile>
    <ClCompile Include="StatsPerHost.cpp">
      <Filter>소스 파일</Filter>
    </ClCompile>
    <ClCompile Include="StatsPerService.cpp">
      <Filter>소스 파일</Filter>
    </ClCompile>
    <ClCompile Include="StatsPerServiceWithSrcPort.cpp">
      <Filter>소스 파일</Filter>
    </ClCompile>
    <ClCompile Include="StatsWindow.cpp">
      <Filter>소스 파일</Filter>
    </ClCompile>
    <ClCompile Include="StatsWindowCount.cpp">
      <Filter>소스 파일</Filter>
    </ClCompile>
    <ClCompile Include="StatsWindowTime.cpp">
      <Filter>소스 파일</Filter>
    </ClCompile>
  </ItemGroup>
</Project>